# This file was autogenerated by Stack.
# You should not edit this file by hand.
# For more information, please see the documentation at:
#   https://docs.haskellstack.org/en/stable/lock_files

snapshots:
- original: lts-18.17
  completed:
    sha256: e66e70a7f998036025e8f40abc89b8eeb79c88f57727020cba1b54f375aa7ca0
    url: https://raw.githubusercontent.com/commercialhaskell/stackage-snapshots/master/lts/18/17.yaml
    size: 586292
packages:
- original:
    hackage: jsaddle-0.9.8.0
  completed:
    pantry-tree:
      sha256: 45c8931120722d76150dc14b4092eeef73002a4c3bab6ac1b5b40650dd4b9b0f
      size: 4329
    hackage: jsaddle-0.9.8.0@sha256:d7acf2247cc93c2d8d0959eccf627077c4175c81b762c8d107c7006dda662d05,4418
- original:
    hackage: jsaddle-warp-0.9.8.0
  completed:
    pantry-tree:
      sha256: 53d9041fc7be7cdf6eec6946af1ba51d48aaaec250edff5f9a9896b53fe5d04c
      size: 475
    hackage: jsaddle-warp-0.9.8.0@sha256:d1c75ae6ab519f923bc8a13775abd779e584bd17c96a49a76f799860bd9174e9,2713
- original:
    hackage: miso-1.8.0.0
  completed:
    pantry-tree:
      sha256: 5f1108f4912474e3526ddd2deb23833510c5b35d2c6be690b893059e0e3dd490
      size: 3178
    hackage: miso-1.8.0.0@sha256:090e8702d6ffd096e79ea083f5f3293737e3ec44a68b21b8013dc445b92064f0,4339
- original:
    hackage: ref-tf-0.5
  completed:
    pantry-tree:
      sha256: 8a4d7803a841848fd40e43ace9f311d8853d34badbcdb1e1a782135c21a7d473
      size: 211
    hackage: ref-tf-0.5@sha256:8df6d3633c74c71bfba6a6e5e50bacfb17133fc213e0e5616b7edb16918e1e77,1221
- original:
    hackage: servant-lucid-0.9.0.2
  completed:
    pantry-tree:
      sha256: c5635bc53887b81087c3430341790d45cd4063340a0baa62bedd2e77ed4aa84d
      size: 392
    hackage: servant-lucid-0.9.0.2@sha256:693278d574dba7313e931200118424762c02682bbc654e8866be4e6d1c73d816,1803
